// !$*UTF8*$!
{
	archiveVersion = 1;
	classes = {
	};
	objectVersion = 77;
	objects = {

/* Begin PBXBuildFile section */
		8FB4590E2FD6EAE50066D27C /* RevenueCat in Frameworks */ = {isa = PBXBuildFile; productRef = 8FB4590D2FD6EAE50066D27C /* RevenueCat */; };
		8FE096302FCD8F1B007A89D0 /* Supabase in Frameworks */ = {isa = PBXBuildFile; productRef = 8FE0962F2FCD8F1B007A89D0 /* Supabase */; };
/* End PBXBuildFile section */

/* Begin PBXContainerItemProxy section */
		8FBFAD772FC4B97F007DE265 /* PBXContainerItemProxy */ = {
			isa = PBXContainerItemProxy;
			containerPortal = 8FBFAD5F2FC4B97D007DE265 /* Project object */;
			proxyType = 1;
			remoteGlobalIDString = 8FBFAD662FC4B97E007DE265;
			remoteInfo = PetHub;
		};
		8FBFAD812FC4B97F007DE265 /* PBXContainerItemProxy */ = {
			isa = PBXContainerItemProxy;
			containerPortal = 8FBFAD5F2FC4B97D007DE265 /* Project object */;
			proxyType = 1;
			remoteGlobalIDString = 8FBFAD662FC4B97E007DE265;
			remoteInfo = PetHub;
		};
/* End PBXContainerItemProxy section */

/* Begin PBXFileReference section */
		8FBFAD672FC4B97E007DE265 /* PetHub.app */ = {isa = PBXFileReference; explicitFileType = wrapper.application; includeInIndex = 0; path = PetHub.app; sourceTree = BUILT_PRODUCTS_DIR; };
		8FBFAD762FC4B97F007DE265 /* PetHubTests.xctest */ = {isa = PBXFileReference; explicitFileType = wrapper.cfbundle; includeInIndex = 0; path = PetHubTests.xctest; sourceTree = BUILT_PRODUCTS_DIR; };
		8FBFAD802FC4B97F007DE265 /* PetHubUITests.xctest */ = {isa = PBXFileReference; explicitFileType = wrapper.cfbundle; includeInIndex = 0; path = PetHubUITests.xctest; sourceTree = BUILT_PRODUCTS_DIR; };
/* End PBXFileReference section */

/* Begin PBXFileSystemSynchronizedBuildFileExceptionSet section */
		8FE095F82FCD5692007A89D0 /* Exceptions for "PetHub" folder in "PetHub" target */ = {
			isa = PBXFileSystemSynchronizedBuildFileExceptionSet;
			membershipExceptions = (
				Info.plist,
			);
			target = 8FBFAD662FC4B97E007DE265 /* PetHub */;
		};
/* End PBXFileSystemSynchronizedBuildFileExceptionSet section */

/* Begin PBXFileSystemSynchronizedRootGroup section */
		8FBFAD692FC4B97E007DE265 /* PetHub */ = {
			isa = PBXFileSystemSynchronizedRootGroup;
			exceptions = (
				8FE095F82FCD5692007A89D0 /* Exceptions for "PetHub" folder in "PetHub" target */,
			);
			path = PetHub;
			sourceTree = "<group>";
		};
		8FBFAD792FC4B97F007DE265 /* PetHubTests */ = {
			isa = PBXFileSystemSynchronizedRootGroup;
			path = PetHubTests;
			sourceTree = "<group>";
		};
		8FBFAD832FC4B97F007DE265 /* PetHubUITests */ = {
			isa = PBXFileSystemSynchronizedRootGroup;
			path = PetHubUITests;
			sourceTree = "<group>";
		};
/* End PBXFileSystemSynchronizedRootGroup section */

/* Begin PBXFrameworksBuildPhase section */
		8FBFAD642FC4B97E007DE265 /* Frameworks */ = {
			isa = PBXFrameworksBuildPhase;
			buildActionMask = 2147483647;
			files = (
				8FB4590E2FD6EAE50066D27C /* RevenueCat in Frameworks */,
				8FE096302FCD8F1B007A89D0 /* Supabase in Frameworks */,
			);
			runOnlyForDeploymentPostprocessing = 0;
		};
		8FBFAD732FC4B97F007DE265 /* Frameworks */ = {
			isa = PBXFrameworksBuildPhase;
			buildActionMask = 2147483647;
			files = (
			);
			runOnlyForDeploymentPostprocessing = 0;
		};
		8FBFAD7D2FC4B97F007DE265 /* Frameworks */ = {
			isa = PBXFrameworksBuildPhase;
			buildActionMask = 2147483647;
			files = (
			);
			runOnlyForDeploymentPostprocessing = 0;
		};
/* End PBXFrameworksBuildPhase section */

/* Begin PBXGroup section */
		8FBFAD5E2FC4B97D007DE265 = {
			isa = PBXGroup;
			children = (
				8FBFAD692FC4B97E007DE265 /* PetHub */,
				8FBFAD792FC4B97F007DE265 /* PetHubTests */,
				8FBFAD832FC4B97F007DE265 /* PetHubUITests */,
				8FE0962E2FCD8F1B007A89D0 /* Frameworks */,
				8FBFAD682FC4B97E007DE265 /* Products */,
			);
			sourceTree = "<group>";
		};
		8FBFAD682FC4B97E007DE265 /* Products */ = {
			isa = PBXGroup;
			children = (
				8FBFAD672FC4B97E007DE265 /* PetHub.app */,
				8FBFAD762FC4B97F007DE265 /* PetHubTests.xctest */,
				8FBFAD802FC4B97F007DE265 /* PetHubUITests.xctest */,
			);
			name = Products;
			sourceTree = "<group>";
		};
		8FE0962E2FCD8F1B007A89D0 /* Frameworks */ = {
			isa = PBXGroup;
			children = (
			);
			name = Frameworks;
			sourceTree = "<group>";
		};
/* End PBXGroup section */

/* Begin PBXNativeTarget section */
		8FBFAD662FC4B97E007DE265 /* PetHub */ = {
			isa = PBXNativeTarget;
			buildConfigurationList = 8FBFAD8A2FC4B97F007DE265 /* Build configuration list for PBXNativeTarget "PetHub" */;
			buildPhases = (
				8FBFAD632FC4B97E007DE265 /* Sources */,
				8FBFAD642FC4B97E007DE265 /* Frameworks */,
				8FBFAD652FC4B97E007DE265 /* Resources */,
			);
			buildRules = (
			);
			dependencies = (
			);
			fileSystemSynchronizedGroups = (
				8FBFAD692FC4B97E007DE265 /* PetHub */,
			);
			name = PetHub;
			packageProductDependencies = (
				8FE0962F2FCD8F1B007A89D0 /* Supabase */,
				8FB4590D2FD6EAE50066D27C /* RevenueCat */,
			);
			productName = PetHub;
			productReference = 8FBFAD672FC4B97E007DE265 /* PetHub.app */;
			productType = "com.apple.product-type.application";
		};
		8FBFAD752FC4B97F007DE265 /* PetHubTests */ = {
			isa = PBXNativeTarget;
			buildConfigurationList = 8FBFAD8D2FC4B97F007DE265 /* Build configuration list for PBXNativeTarget "PetHubTests" */;
			buildPhases = (
				8FBFAD722FC4B97F007DE265 /* Sources */,
				8FBFAD732FC4B97F007DE265 /* Frameworks */,
				8FBFAD742FC4B97F007DE265 /* Resources */,
			);
			buildRules = (
			);
			dependencies = (
				8FBFAD782FC4B97F007DE265 /* PBXTargetDependency */,
			);
			fileSystemSynchronizedGroups = (
				8FBFAD792FC4B97F007DE265 /* PetHubTests */,
			);
			name = PetHubTests;
			packageProductDependencies = (
			);
			productName = PetHubTests;
			productReference = 8FBFAD762FC4B97F007DE265 /* PetHubTests.xctest */;
			productType = "com.apple.product-type.bundle.unit-test";
		};
		8FBFAD7F2FC4B97F007DE265 /* PetHubUITests */ = {
			isa = PBXNativeTarget;
			buildConfigurationList = 8FBFAD902FC4B97F007DE265 /* Build configuration list for PBXNativeTarget "PetHubUITests" */;
			buildPhases = (
				8FBFAD7C2FC4B97F007DE265 /* Sources */,
				8FBFAD7D2FC4B97F007DE265 /* Frameworks */,
				8FBFAD7E2FC4B97F007DE265 /* Resources */,
			);
			buildRules = (
			);
			dependencies = (
				8FBFAD822FC4B97F007DE265 /* PBXTargetDependency */,
			);
			fileSystemSynchronizedGroups = (
				8FBFAD832FC4B97F007DE265 /* PetHubUITests */,
			);
			name = PetHubUITests;
			packageProductDependencies = (
			);
			productName = PetHubUITests;
			productReference = 8FBFAD802FC4B97F007DE265 /* PetHubUITests.xctest */;
			productType = "com.apple.product-type.bundle.ui-testing";
		};
/* End PBXNativeTarget section */

/* Begin PBXProject section */
		8FBFAD5F2FC4B97D007DE265 /* Project object */ = {
			isa = PBXProject;
			attributes = {
				BuildIndependentTargetsInParallel = 1;
				LastSwiftUpdateCheck = 2650;
				LastUpgradeCheck = 2650;
				TargetAttributes = {
					8FBFAD662FC4B97E007DE265 = {
						CreatedOnToolsVersion = 26.5;
					};
					8FBFAD752FC4B97F007DE265 = {
						CreatedOnToolsVersion = 26.5;
						TestTargetID = 8FBFAD662FC4B97E007DE265;
					};
					8FBFAD7F2FC4B97F007DE265 = {
						CreatedOnToolsVersion = 26.5;
						TestTargetID = 8FBFAD662FC4B97E007DE265;
					};
				};
			};
			buildConfigurationList = 8FBFAD622FC4B97D007DE265 /* Build configuration list for PBXProject "PetHub" */;
			developmentRegion = en;
			hasScannedForEncodings = 0;
			knownRegions = (
				en,
				Base,
			);
			mainGroup = 8FBFAD5E2FC4B97D007DE265;
			minimizedProjectReferenceProxies = 1;
			packageReferences = (
				8FE0962B2FCD749E007A89D0 /* XCRemoteSwiftPackageReference "supabase-swift" */,
				8FB4590C2FD6E86C0066D27C /* XCRemoteSwiftPackageReference "purchases-ios" */,
			);
			preferredProjectObjectVersion = 77;
			productRefGroup = 8FBFAD682FC4B97E007DE265 /* Products */;
			projectDirPath = "";
			projectRoot = "";
			targets = (
				8FBFAD662FC4B97E007DE265 /* PetHub */,
				8FBFAD752FC4B97F007DE265 /* PetHubTests */,
				8FBFAD7F2FC4B97F007DE265 /* PetHubUITests */,
			);
		};
/* End PBXProject section */

/* Begin PBXResourcesBuildPhase section */
		8FBFAD652FC4B97E007DE265 /* Resources */ = {
			isa = PBXResourcesBuildPhase;
			buildActionMask = 2147483647;
			files = (
			);
			runOnlyForDeploymentPostprocessing = 0;
		};
		8FBFAD742FC4B97F007DE265 /* Resources */ = {
			isa = PBXResourcesBuildPhase;
			buildActionMask = 2147483647;
			files = (
			);
			runOnlyForDeploymentPostprocessing = 0;
		};
		8FBFAD7E2FC4B97F007DE265 /* Resources */ = {
			isa = PBXResourcesBuildPhase;
			buildActionMask = 2147483647;
			files = (
			);
			runOnlyForDeploymentPostprocessing = 0;
		};
/* End PBXResourcesBuildPhase section */

/* Begin PBXSourcesBuildPhase section */
		8FBFAD632FC4B97E007DE265 /* Sources */ = {
			isa = PBXSourcesBuildPhase;
			buildActionMask = 2147483647;
			files = (
			);
			runOnlyForDeploymentPostprocessing = 0;
		};
		8FBFAD722FC4B97F007DE265 /* Sources */ = {
			isa = PBXSourcesBuildPhase;
			buildActionMask = 2147483647;
			files = (
			);
			runOnlyForDeploymentPostprocessing = 0;
		};
		8FBFAD7C2FC4B97F007DE265 /* Sources */ = {
			isa = PBXSourcesBuildPhase;
			buildActionMask = 2147483647;
			files = (
			);
			runOnlyForDeploymentPostprocessing = 0;
		};
/* End PBXSourcesBuildPhase section */

/* Begin PBXTargetDependency section */
		8FBFAD782FC4B97F007DE265 /* PBXTargetDependency */ = {
			isa = PBXTargetDependency;
			target = 8FBFAD662FC4B97E007DE265 /* PetHub */;
			targetProxy = 8FBFAD772FC4B97F007DE265 /* PBXContainerItemProxy */;
		};
		8FBFAD822FC4B97F007DE265 /* PBXTargetDependency */ = {
			isa = PBXTargetDependency;
			target = 8FBFAD662FC4B97E007DE265 /* PetHub */;
			targetProxy = 8FBFAD812FC4B97F007DE265 /* PBXContainerItemProxy */;
		};
/* End PBXTargetDependency section */

/* Begin XCBuildConfiguration section */
		8FBFAD882FC4B97F007DE265 /* Debug */ = {
			isa = XCBuildConfiguration;
			buildSettings = {
				ALWAYS_SEARCH_USER_PATHS = NO;
				ASSETCATALOG_COMPILER_GENERATE_SWIFT_ASSET_SYMBOL_EXTENSIONS = YES;
				CLANG_ANALYZER_NONNULL = YES;
				CLANG_ANALYZER_NUMBER_OBJECT_CONVERSION = YES_AGGRESSIVE;
				CLANG_CXX_LANGUAGE_STANDARD = "gnu++20";
				CLANG_ENABLE_MODULES = YES;
				CLANG_ENABLE_OBJC_ARC = YES;
				CLANG_ENABLE_OBJC_WEAK = YES;
				CLANG_WARN_BLOCK_CAPTURE_AUTORELEASING = YES;
				CLANG_WARN_BOOL_CONVERSION = YES;
				CLANG_WARN_COMMA = YES;
				CLANG_WARN_CONSTANT_CONVERSION = YES;
				CLANG_WARN_DEPRECATED_OBJC_IMPLEMENTATIONS = YES;
				CLANG_WARN_DIRECT_OBJC_ISA_USAGE = YES_ERROR;
				CLANG_WARN_DOCUMENTATION_COMMENTS = YES;
				CLANG_WARN_EMPTY_BODY = YES;
				CLANG_WARN_ENUM_CONVERSION = YES;
				CLANG_WARN_INFINITE_RECURSION = YES;
				CLANG_WARN_INT_CONVERSION = YES;
				CLANG_WARN_NON_LITERAL_NULL_CONVERSION = YES;
				CLANG_WARN_OBJC_IMPLICIT_RETAIN_SELF = YES;
				CLANG_WARN_OBJC_LITERAL_CONVERSION = YES;
				CLANG_WARN_OBJC_ROOT_CLASS = YES_ERROR;
				CLANG_WARN_QUOTED_INCLUDE_IN_FRAMEWORK_HEADER = YES;
				CLANG_WARN_RANGE_LOOP_ANALYSIS = YES;
				CLANG_WARN_STRICT_PROTOTYPES = YES;
				CLANG_WARN_SUSPICIOUS_MOVE = YES;
				CLANG_WARN_UNGUARDED_AVAILABILITY = YES_AGGRESSIVE;
				CLANG_WARN_UNREACHABLE_CODE = YES;
				CLANG_WARN__DUPLICATE_METHOD_MATCH = YES;
				COPY_PHASE_STRIP = NO;
				DEBUG_INFORMATION_FORMAT = dwarf;
				DEVELOPMENT_TEAM = R6XUH6PV9P;
				ENABLE_STRICT_OBJC_MSGSEND = YES;
				ENABLE_TESTABILITY = YES;
				ENABLE_USER_SCRIPT_SANDBOXING = YES;
				GCC_C_LANGUAGE_STANDARD = gnu17;
				GCC_DYNAMIC_NO_PIC = NO;
				GCC_NO_COMMON_BLOCKS = YES;
				GCC_OPTIMIZATION_LEVEL = 0;
				GCC_PREPROCESSOR_DEFINITIONS = (
					"DEBUG=1",
					"$(inherited)",
				);
				GCC_WARN_64_TO_32_BIT_CONVERSION = YES;
				GCC_WARN_ABOUT_RETURN_TYPE = YES_ERROR;
				GCC_WARN_UNDECLARED_SELECTOR = YES;
				GCC_WARN_UNINITIALIZED_AUTOS = YES_AGGRESSIVE;
				GCC_WARN_UNUSED_FUNCTION = YES;
				GCC_WARN_UNUSED_VARIABLE = YES;
				IPHONEOS_DEPLOYMENT_TARGET = 26.5;
				LOCALIZATION_PREFERS_STRING_CATALOGS = YES;
				MTL_ENABLE_DEBUG_INFO = INCLUDE_SOURCE;
				MTL_FAST_MATH = YES;
				ONLY_ACTIVE_ARCH = YES;
				SDKROOT = iphoneos;
				SWIFT_ACTIVE_COMPILATION_CONDITIONS = "DEBUG $(inherited)";
				SWIFT_OPTIMIZATION_LEVEL = "-Onone";
			};
			name = Debug;
		};
		8FBFAD892FC4B97F007DE265 /* Release */ = {
			isa = XCBuildConfiguration;
			buildSettings = {
				ALWAYS_SEARCH_USER_PATHS = NO;
				ASSETCATALOG_COMPILER_GENERATE_SWIFT_ASSET_SYMBOL_EXTENSIONS = YES;
				CLANG_ANALYZER_NONNULL = YES;
				CLANG_ANALYZER_NUMBER_OBJECT_CONVERSION = YES_AGGRESSIVE;
				CLANG_CXX_LANGUAGE_STANDARD = "gnu++20";
				CLANG_ENABLE_MODULES = YES;
				CLANG_ENABLE_OBJC_ARC = YES;
				CLANG_ENABLE_OBJC_WEAK = YES;
				CLANG_WARN_BLOCK_CAPTURE_AUTORELEASING = YES;
				CLANG_WARN_BOOL_CONVERSION = YES;
				CLANG_WARN_COMMA = YES;
				CLANG_WARN_CONSTANT_CONVERSION = YES;
				CLANG_WARN_DEPRECATED_OBJC_IMPLEMENTATIONS = YES;
				CLANG_WARN_DIRECT_OBJC_ISA_USAGE = YES_ERROR;
				CLANG_WARN_DOCUMENTATION_COMMENTS = YES;
				CLANG_WARN_EMPTY_BODY = YES;
				CLANG_WARN_ENUM_CONVERSION = YES;
				CLANG_WARN_INFINITE_RECURSION = YES;
				CLANG_WARN_INT_CONVERSION = YES;
				CLANG_WARN_NON_LITERAL_NULL_CONVERSION = YES;
				CLANG_WARN_OBJC_IMPLICIT_RETAIN_SELF = YES;
				CLANG_WARN_OBJC_LITERAL_CONVERSION = YES;
				CLANG_WARN_OBJC_ROOT_CLASS = YES_ERROR;
				CLANG_WARN_QUOTED_INCLUDE_IN_FRAMEWORK_HEADER = YES;
				CLANG_WARN_RANGE_LOOP_ANALYSIS = YES;
				CLANG_WARN_STRICT_PROTOTYPES = YES;
				CLANG_WARN_SUSPICIOUS_MOVE = YES;
				CLANG_WARN_UNGUARDED_AVAILABILITY = YES_AGGRESSIVE;
				CLANG_WARN_UNREACHABLE_CODE = YES;
				CLANG_WARN__DUPLICATE_METHOD_MATCH = YES;
				COPY_PHASE_STRIP = NO;
				DEBUG_INFORMATION_FORMAT = "dwarf-with-dsym";
				DEVELOPMENT_TEAM = R6XUH6PV9P;
				ENABLE_NS_ASSERTIONS = NO;
				ENABLE_STRICT_OBJC_MSGSEND = YES;
				ENABLE_USER_SCRIPT_SANDBOXING = YES;
				GCC_C_LANGUAGE_STANDARD = gnu17;
				GCC_NO_COMMON_BLOCKS = YES;
				GCC_WARN_64_TO_32_BIT_CONVERSION = YES;
				GCC_WARN_ABOUT_RETURN_TYPE = YES_ERROR;
				GCC_WARN_UNDECLARED_SELECTOR = YES;
				GCC_WARN_UNINITIALIZED_AUTOS = YES_AGGRESSIVE;
				GCC_WARN_UNUSED_FUNCTION = YES;
				GCC_WARN_UNUSED_VARIABLE = YES;
				IPHONEOS_DEPLOYMENT_TARGET = 26.5;
				LOCALIZATION_PREFERS_STRING_CATALOGS = YES;
				MTL_ENABLE_DEBUG_INFO = NO;
				MTL_FAST_MATH = YES;
				SDKROOT = iphoneos;
				SWIFT_COMPILATION_MODE = wholemodule;
				VALIDATE_PRODUCT = YES;
			};
			name = Release;
		};
		8FBFAD8B2FC4B97F007DE265 /* Debug */ = {
			isa = XCBuildConfiguration;
			buildSettings = {
				ASSETCATALOG_COMPILER_APPICON_NAME = AppIcon;
				ASSETCATALOG_COMPILER_GLOBAL_ACCENT_COLOR_NAME = AccentColor;
				CODE_SIGN_STYLE = Automatic;
				CURRENT_PROJECT_VERSION = 1;
				DEVELOPMENT_TEAM = R6XUH6PV9P;
				ENABLE_PREVIEWS = YES;
				GENERATE_INFOPLIST_FILE = YES;
				INFOPLIST_FILE = PetHub/Info.plist;
				INFOPLIST_KEY_NSCameraUsageDescription = "";
				INFOPLIST_KEY_NSPhotoLibraryUsageDescription = "";
				INFOPLIST_KEY_UIApplicationSceneManifest_Generation = YES;
				INFOPLIST_KEY_UIApplicationSupportsIndirectInputEvents = YES;
				INFOPLIST_KEY_UILaunchScreen_Generation = YES;
				INFOPLIST_KEY_UISupportedInterfaceOrientations_iPad = "UIInterfaceOrientationPortrait UIInterfaceOrientationPortraitUpsideDown UIInterfaceOrientationLandscapeLeft UIInterfaceOrientationLandscapeRight";
				INFOPLIST_KEY_UISupportedInterfaceOrientations_iPhone = "UIInterfaceOrientationPortrait UIInterfaceOrientationLandscapeLeft UIInterfaceOrientationLandscapeRight";
				LD_RUNPATH_SEARCH_PATHS = (
					"$(inherited)",
					"@executable_path/Frameworks",
				);
				MARKETING_VERSION = 1.0;
				PRODUCT_BUNDLE_IDENTIFIER = app.PetHub;
				PRODUCT_NAME = "$(TARGET_NAME)";
				STRING_CATALOG_GENERATE_SYMBOLS = YES;
				SWIFT_APPROACHABLE_CONCURRENCY = YES;
				SWIFT_DEFAULT_ACTOR_ISOLATION = MainActor;
				SWIFT_EMIT_LOC_STRINGS = YES;
				SWIFT_UPCOMING_FEATURE_MEMBER_IMPORT_VISIBILITY = YES;
				SWIFT_VERSION = 5.0;
				TARGETED_DEVICE_FAMILY = "1,2";
			};
			name = Debug;
		};
		8FBFAD8C2FC4B97F007DE265 /* Release */ = {
			isa = XCBuildConfiguration;
			buildSettings = {
				ASSETCATALOG_COMPILER_APPICON_NAME = AppIcon;
				ASSETCATALOG_COMPILER_GLOBAL_ACCENT_COLOR_NAME = AccentColor;
				CODE_SIGN_STYLE = Automatic;
				CURRENT_PROJECT_VERSION = 1;
				DEVELOPMENT_TEAM = R6XUH6PV9P;
				ENABLE_PREVIEWS = YES;
				GENERATE_INFOPLIST_FILE = YES;
				INFOPLIST_FILE = PetHub/Info.plist;
				INFOPLIST_KEY_NSCameraUsageDescription = "";
				INFOPLIST_KEY_NSPhotoLibraryUsageDescription = "";
				INFOPLIST_KEY_UIApplicationSceneManifest_Generation = YES;
				INFOPLIST_KEY_UIApplicationSupportsIndirectInputEvents = YES;
				INFOPLIST_KEY_UILaunchScreen_Generation = YES;
				INFOPLIST_KEY_UISupportedInterfaceOrientations_iPad = "UIInterfaceOrientationPortrait UIInterfaceOrientationPortraitUpsideDown UIInterfaceOrientationLandscapeLeft UIInterfaceOrientationLandscapeRight";
				INFOPLIST_KEY_UISupportedInterfaceOrientations_iPhone = "UIInterfaceOrientationPortrait UIInterfaceOrientationLandscapeLeft UIInterfaceOrientationLandscapeRight";
				LD_RUNPATH_SEARCH_PATHS = (
					"$(inherited)",
					"@executable_path/Frameworks",
				);
				MARKETING_VERSION = 1.0;
				PRODUCT_BUNDLE_IDENTIFIER = app.PetHub;
				PRODUCT_NAME = "$(TARGET_NAME)";
				STRING_CATALOG_GENERATE_SYMBOLS = YES;
				SWIFT_APPROACHABLE_CONCURRENCY = YES;
				SWIFT_DEFAULT_ACTOR_ISOLATION = MainActor;
				SWIFT_EMIT_LOC_STRINGS = YES;
				SWIFT_UPCOMING_FEATURE_MEMBER_IMPORT_VISIBILITY = YES;
				SWIFT_VERSION = 5.0;
				TARGETED_DEVICE_FAMILY = "1,2";
			};
			name = Release;
		};
		8FBFAD8E2FC4B97F007DE265 /* Debug */ = {
			isa = XCBuildConfiguration;
			buildSettings = {
				BUNDLE_LOADER = "$(TEST_HOST)";
				CODE_SIGN_STYLE = Automatic;
				CURRENT_PROJECT_VERSION = 1;
				DEVELOPMENT_TEAM = R6XUH6PV9P;
				GENERATE_INFOPLIST_FILE = YES;
				IPHONEOS_DEPLOYMENT_TARGET = 26.5;
				MARKETING_VERSION = 1.0;
				PRODUCT_BUNDLE_IDENTIFIER = app.PetHubTests;
				PRODUCT_NAME = "$(TARGET_NAME)";
				STRING_CATALOG_GENERATE_SYMBOLS = NO;
				SWIFT_APPROACHABLE_CONCURRENCY = YES;
				SWIFT_EMIT_LOC_STRINGS = NO;
				SWIFT_UPCOMING_FEATURE_MEMBER_IMPORT_VISIBILITY = YES;
				SWIFT_VERSION = 5.0;
				TARGETED_DEVICE_FAMILY = "1,2";
				TEST_HOST = "$(BUILT_PRODUCTS_DIR)/PetHub.app/$(BUNDLE_EXECUTABLE_FOLDER_PATH)/PetHub";
			};
			name = Debug;
		};
		8FBFAD8F2FC4B97F007DE265 /* Release */ = {
			isa = XCBuildConfiguration;
			buildSettings = {
				BUNDLE_LOADER = "$(TEST_HOST)";
				CODE_SIGN_STYLE = Automatic;
				CURRENT_PROJECT_VERSION = 1;
				DEVELOPMENT_TEAM = R6XUH6PV9P;
				GENERATE_INFOPLIST_FILE = YES;
				IPHONEOS_DEPLOYMENT_TARGET = 26.5;
				MARKETING_VERSION = 1.0;
				PRODUCT_BUNDLE_IDENTIFIER = app.PetHubTests;
				PRODUCT_NAME = "$(TARGET_NAME)";
				STRING_CATALOG_GENERATE_SYMBOLS = NO;
				SWIFT_APPROACHABLE_CONCURRENCY = YES;
				SWIFT_EMIT_LOC_STRINGS = NO;
				SWIFT_UPCOMING_FEATURE_MEMBER_IMPORT_VISIBILITY = YES;
				SWIFT_VERSION = 5.0;
				TARGETED_DEVICE_FAMILY = "1,2";
				TEST_HOST = "$(BUILT_PRODUCTS_DIR)/PetHub.app/$(BUNDLE_EXECUTABLE_FOLDER_PATH)/PetHub";
			};
			name = Release;
		};
		8FBFAD912FC4B97F007DE265 /* Debug */ = {
			isa = XCBuildConfiguration;
			buildSettings = {
				CODE_SIGN_STYLE = Automatic;
				CURRENT_PROJECT_VERSION = 1;
				DEVELOPMENT_TEAM = R6XUH6PV9P;
				GENERATE_INFOPLIST_FILE = YES;
				MARKETING_VERSION = 1.0;
				PRODUCT_BUNDLE_IDENTIFIER = app.PetHubUITests;
				PRODUCT_NAME = "$(TARGET_NAME)";
				STRING_CATALOG_GENERATE_SYMBOLS = NO;
				SWIFT_APPROACHABLE_CONCURRENCY = YES;
				SWIFT_EMIT_LOC_STRINGS = NO;
				SWIFT_UPCOMING_FEATURE_MEMBER_IMPORT_VISIBILITY = YES;
				SWIFT_VERSION = 5.0;
				TARGETED_DEVICE_FAMILY = "1,2";
				TEST_TARGET_NAME = PetHub;
			};
			name = Debug;
		};
		8FBFAD922FC4B97F007DE265 /* Release */ = {
			isa = XCBuildConfiguration;
			buildSettings = {
				CODE_SIGN_STYLE = Automatic;
				CURRENT_PROJECT_VERSION = 1;
				DEVELOPMENT_TEAM = R6XUH6PV9P;
				GENERATE_INFOPLIST_FILE = YES;
				MARKETING_VERSION = 1.0;
				PRODUCT_BUNDLE_IDENTIFIER = app.PetHubUITests;
				PRODUCT_NAME = "$(TARGET_NAME)";
				STRING_CATALOG_GENERATE_SYMBOLS = NO;
				SWIFT_APPROACHABLE_CONCURRENCY = YES;
				SWIFT_EMIT_LOC_STRINGS = NO;
				SWIFT_UPCOMING_FEATURE_MEMBER_IMPORT_VISIBILITY = YES;
				SWIFT_VERSION = 5.0;
				TARGETED_DEVICE_FAMILY = "1,2";
				TEST_TARGET_NAME = PetHub;
			};
			name = Release;
		};
/* End XCBuildConfiguration section */

/* Begin XCConfigurationList section */
		8FBFAD622FC4B97D007DE265 /* Build configuration list for PBXProject "PetHub" */ = {
			isa = XCConfigurationList;
			buildConfigurations = (
				8FBFAD882FC4B97F007DE265 /* Debug */,
				8FBFAD892FC4B97F007DE265 /* Release */,
			);
			defaultConfigurationIsVisible = 0;
			defaultConfigurationName = Release;
		};
		8FBFAD8A2FC4B97F007DE265 /* Build configuration list for PBXNativeTarget "PetHub" */ = {
			isa = XCConfigurationList;
			buildConfigurations = (
				8FBFAD8B2FC4B97F007DE265 /* Debug */,
				8FBFAD8C2FC4B97F007DE265 /* Release */,
			);
			defaultConfigurationIsVisible = 0;
			defaultConfigurationName = Release;
		};
		8FBFAD8D2FC4B97F007DE265 /* Build configuration list for PBXNativeTarget "PetHubTests" */ = {
			isa = XCConfigurationList;
			buildConfigurations = (
				8FBFAD8E2FC4B97F007DE265 /* Debug */,
				8FBFAD8F2FC4B97F007DE265 /* Release */,
			);
			defaultConfigurationIsVisible = 0;
			defaultConfigurationName = Release;
		};
		8FBFAD902FC4B97F007DE265 /* Build configuration list for PBXNativeTarget "PetHubUITests" */ = {
			isa = XCConfigurationList;
			buildConfigurations = (
				8FBFAD912FC4B97F007DE265 /* Debug */,
				8FBFAD922FC4B97F007DE265 /* Release */,
			);
			defaultConfigurationIsVisible = 0;
			defaultConfigurationName = Release;
		};
/* End XCConfigurationList section */

/* Begin XCRemoteSwiftPackageReference section */
		8FB4590C2FD6E86C0066D27C /* XCRemoteSwiftPackageReference "purchases-ios" */ = {
			isa = XCRemoteSwiftPackageReference;
			repositoryURL = "https://github.com/RevenueCat/purchases-ios";
			requirement = {
				kind = upToNextMajorVersion;
				minimumVersion = 5.77.0;
			};
		};
		8FE0962B2FCD749E007A89D0 /* XCRemoteSwiftPackageReference "supabase-swift" */ = {
			isa = XCRemoteSwiftPackageReference;
			repositoryURL = "https://github.com/supabase/supabase-swift";
			requirement = {
				kind = upToNextMajorVersion;
				minimumVersion = 2.5.1;
			};
		};
/* End XCRemoteSwiftPackageReference section */

/* Begin XCSwiftPackageProductDependency section */
		8FB4590D2FD6EAE50066D27C /* RevenueCat */ = {
			isa = XCSwiftPackageProductDependency;
			package = 8FB4590C2FD6E86C0066D27C /* XCRemoteSwiftPackageReference "purchases-ios" */;
			productName = RevenueCat;
		};
		8FE0962F2FCD8F1B007A89D0 /* Supabase */ = {
			isa = XCSwiftPackageProductDependency;
			package = 8FE0962B2FCD749E007A89D0 /* XCRemoteSwiftPackageReference "supabase-swift" */;
			productName = Supabase;
		};
/* End XCSwiftPackageProductDependency section */
	};
	rootObject = 8FBFAD5F2FC4B97D007DE265 /* Project object */;
}
